// !$*UTF8*$!
{
	archiveVersion = 1;
	classes = {
	};
	objectVersion = 56;
	objects = {

/* Begin PBXBuildFile section */
		0164CF082AAACE1700FC9E9D /* TableViewController.swift in Sources */ = {isa = PBXBuildFile; fileRef = 0164CF072AAACE1700FC9E9D /* TableViewController.swift */; };
		0164CF0B2AAAD0DE00FC9E9D /* TableViewCell.swift in Sources */ = {isa = PBXBuildFile; fileRef = 0164CF0A2AAAD0DE00FC9E9D /* TableViewCell.swift */; };
		0164CF0E2AAB4F0900FC9E9D /* Structure.swift in Sources */ = {isa = PBXBuildFile; fileRef = 0164CF0D2AAB4F0800FC9E9D /* Structure.swift */; };
		01D405962AA9DA4F000BFE17 /* AppDelegate.swift in Sources */ = {isa = PBXBuildFile; fileRef = 01D405952AA9DA4F000BFE17 /* AppDelegate.swift */; };
		01D405982AA9DA4F000BFE17 /* SceneDelegate.swift in Sources */ = {isa = PBXBuildFile; fileRef = 01D405972AA9DA4F000BFE17 /* SceneDelegate.swift */; };
		01D4059A2AA9DA4F000BFE17 /* ViewController.swift in Sources */ = {isa = PBXBuildFile; fileRef = 01D405992AA9DA4F000BFE17 /* ViewController.swift */; };
		01D4059F2AA9DA53000BFE17 /* Assets.xcassets in Resources */ = {isa = PBXBuildFile; fileRef = 01D4059E2AA9DA53000BFE17 /* Assets.xcassets */; };
		01D405A22AA9DA53000BFE17 /* LaunchScreen.storyboard in Resources */ = {isa = PBXBuildFile; fileRef = 01D405A02AA9DA53000BFE17 /* LaunchScreen.storyboard */; };
		01D405AD2AA9E0F0000BFE17 /* MakerVIew.swift in Sources */ = {isa = PBXBuildFile; fileRef = 01D405AC2AA9E0F0000BFE17 /* MakerVIew.swift */; };
/* End PBXBuildFile section */

/* Begin PBXFileReference section */
		0164CF072AAACE1700FC9E9D /* TableViewController.swift */ = {isa = PBXFileReference; lastKnownFileType = sourcecode.swift; path = TableViewController.swift; sourceTree = "<group>"; };
		0164CF0A2AAAD0DE00FC9E9D /* TableViewCell.swift */ = {isa = PBXFileReference; lastKnownFileType = sourcecode.swift; path = TableViewCell.swift; sourceTree = "<group>"; };
		0164CF0D2AAB4F0800FC9E9D /* Structure.swift */ = {isa = PBXFileReference; lastKnownFileType = sourcecode.swift; path = Structure.swift; sourceTree = "<group>"; };
		01D405922AA9DA4F000BFE17 /* m4_dz3.app */ = {isa = PBXFileReference; explicitFileType = wrapper.application; includeInIndex = 0; path = m4_dz3.app; sourceTree = BUILT_PRODUCTS_DIR; };
		01D405952AA9DA4F000BFE17 /* AppDelegate.swift */ = {isa = PBXFileReference; lastKnownFileType = sourcecode.swift; path = AppDelegate.swift; sourceTree = "<group>"; };
		01D405972AA9DA4F000BFE17 /* SceneDelegate.swift */ = {isa = PBXFileReference; lastKnownFileType = sourcecode.swift; path = SceneDelegate.swift; sourceTree = "<group>"; };
		01D405992AA9DA4F000BFE17 /* ViewController.swift */ = {isa = PBXFileReference; lastKnownFileType = sourcecode.swift; path = ViewController.swift; sourceTree = "<group>"; };
		01D4059E2AA9DA53000BFE17 /* Assets.xcassets */ = {isa = PBXFileReference; lastKnownFileType = folder.assetcatalog; path = Assets.xcassets; sourceTree = "<group>"; };
		01D405A12AA9DA53000BFE17 /* Base */ = {isa = PBXFileReference; lastKnownFileType = file.storyboard; name = Base; path = Base.lproj/LaunchScreen.storyboard; sourceTree = "<group>"; };
		01D405A32AA9DA53000BFE17 /* Info.plist */ = {isa = PBXFileReference; lastKnownFileType = text.plist.xml; path = Info.plist; sourceTree = "<group>"; };
		01D405AC2AA9E0F0000BFE17 /* MakerVIew.swift */ = {isa = PBXFileReference; lastKnownFileType = sourcecode.swift; path = MakerVIew.swift; sourceTree = "<group>"; };
/* End PBXFileReference section */

/* Begin PBXFrameworksBuildPhase section */
		01D4058F2AA9DA4F000BFE17 /* Frameworks */ = {
			isa = PBXFrameworksBuildPhase;
			buildActionMask = 2147483647;
			files = (
			);
			runOnlyForDeploymentPostprocessing = 0;
		};
/* End PBXFrameworksBuildPhase section */

/* Begin PBXGroup section */
		0164CF092AAAD0B200FC9E9D /* Cells */ = {
			isa = PBXGroup;
			children = (
				0164CF0A2AAAD0DE00FC9E9D /* TableViewCell.swift */,
			);
			path = Cells;
			sourceTree = "<group>";
		};
		0164CF0C2AAB4E4C00FC9E9D /* Structures */ = {
			isa = PBXGroup;
			children = (
				0164CF0D2AAB4F0800FC9E9D /* Structure.swift */,
			);
			path = Structures;
			sourceTree = "<group>";
		};
		01D405892AA9DA4F000BFE17 = {
			isa = PBXGroup;
			children = (
				01D405942AA9DA4F000BFE17 /* m4_dz3 */,
				01D405932AA9DA4F000BFE17 /* Products */,
			);
			sourceTree = "<group>";
		};
		01D405932AA9DA4F000BFE17 /* Products */ = {
			isa = PBXGroup;
			children = (
				01D405922AA9DA4F000BFE17 /* m4_dz3.app */,
			);
			name = Products;
			sourceTree = "<group>";
		};
		01D405942AA9DA4F000BFE17 /* m4_dz3 */ = {
			isa = PBXGroup;
			children = (
				0164CF0C2AAB4E4C00FC9E9D /* Structures */,
				0164CF092AAAD0B200FC9E9D /* Cells */,
				01D405AB2AA9E0E2000BFE17 /* Helpers */,
				01D405AA2AA9E0D6000BFE17 /* Controllers */,
				01D405A92AA9E0CA000BFE17 /* Delegates */,
				01D4059E2AA9DA53000BFE17 /* Assets.xcassets */,
				01D405A02AA9DA53000BFE17 /* LaunchScreen.storyboard */,
				01D405A32AA9DA53000BFE17 /* Info.plist */,
			);
			path = m4_dz3;
			sourceTree = "<group>";
		};
		01D405A92AA9E0CA000BFE17 /* Delegates */ = {
			isa = PBXGroup;
			children = (
				01D405972AA9DA4F000BFE17 /* SceneDelegate.swift */,
				01D405952AA9DA4F000BFE17 /* AppDelegate.swift */,
			);
			path = Delegates;
			sourceTree = "<group>";
		};
		01D405AA2AA9E0D6000BFE17 /* Controllers */ = {
			isa = PBXGroup;
			children = (
				01D405992AA9DA4F000BFE17 /* ViewController.swift */,
				0164CF072AAACE1700FC9E9D /* TableViewController.swift */,
			);
			path = Controllers;
			sourceTree = "<group>";
		};
		01D405AB2AA9E0E2000BFE17 /* Helpers */ = {
			isa = PBXGroup;
			children = (
				01D405AC2AA9E0F0000BFE17 /* MakerVIew.swift */,
			);
			path = Helpers;
			sourceTree = "<group>";
		};
/* End PBXGroup section */

/* Begin PBXNativeTarget section */
		01D405912AA9DA4F000BFE17 /* m4_dz3 */ = {
			isa = PBXNativeTarget;
			buildConfigurationList = 01D405A62AA9DA53000BFE17 /* Build configuration list for PBXNativeTarget "m4_dz3" */;
			buildPhases = (
				01D4058E2AA9DA4F000BFE17 /* Sources */,
				01D4058F2AA9DA4F000BFE17 /* Frameworks */,
				01D405902AA9DA4F000BFE17 /* Resources */,
			);
			buildRules = (
			);
			dependencies = (
			);
			name = m4_dz3;
			productName = m4_dz3;
			productReference = 01D405922AA9DA4F000BFE17 /* m4_dz3.app */;
			productType = "com.apple.product-type.application";
		};
/* End PBXNativeTarget section */

/* Begin PBXProject section */
		01D4058A2AA9DA4F000BFE17 /* Project object */ = {
			isa = PBXProject;
			attributes = {
				BuildIndependentTargetsInParallel = 1;
				LastSwiftUpdateCheck = 1410;
				LastUpgradeCheck = 1410;
				TargetAttributes = {
					01D405912AA9DA4F000BFE17 = {
						CreatedOnToolsVersion = 14.1;
					};
				};
			};
			buildConfigurationList = 01D4058D2AA9DA4F000BFE17 /* Build configuration list for PBXProject "m4_dz3" */;
			compatibilityVersion = "Xcode 14.0";
			developmentRegion = en;
			hasScannedForEncodings = 0;
			knownRegions = (
				en,
				Base,
			);
			mainGroup = 01D405892AA9DA4F000BFE17;
			productRefGroup = 01D405932AA9DA4F000BFE17 /* Products */;
			projectDirPath = "";
			projectRoot = "";
			targets = (
				01D405912AA9DA4F000BFE17 /* m4_dz3 */,
			);
		};
/* End PBXProject section */

/* Begin PBXResourcesBuildPhase section */
		01D405902AA9DA4F000BFE17 /* Resources */ = {
			isa = PBXResourcesBuildPhase;
			buildActionMask = 2147483647;
			files = (
				01D405A22AA9DA53000BFE17 /* LaunchScreen.storyboard in Resources */,
				01D4059F2AA9DA53000BFE17 /* Assets.xcassets in Resources */,
			);
			runOnlyForDeploymentPostprocessing = 0;
		};
/* End PBXResourcesBuildPhase section */

/* Begin PBXSourcesBuildPhase section */
		01D4058E2AA9DA4F000BFE17 /* Sources */ = {
			isa = PBXSourcesBuildPhase;
			buildActionMask = 2147483647;
			files = (
				01D4059A2AA9DA4F000BFE17 /* ViewController.swift in Sources */,
				01D405AD2AA9E0F0000BFE17 /* MakerVIew.swift in Sources */,
				01D405962AA9DA4F000BFE17 /* AppDelegate.swift in Sources */,
				0164CF0B2AAAD0DE00FC9E9D /* TableViewCell.swift in Sources */,
				0164CF082AAACE1700FC9E9D /* TableViewController.swift in Sources */,
				0164CF0E2AAB4F0900FC9E9D /* Structure.swift in Sources */,
				01D405982AA9DA4F000BFE17 /* SceneDelegate.swift in Sources */,
			);
			runOnlyForDeploymentPostprocessing = 0;
		};
/* End PBXSourcesBuildPhase section */

/* Begin PBXVariantGroup section */
		01D405A02AA9DA53000BFE17 /* LaunchScreen.storyboard */ = {
			isa = PBXVariantGroup;
			children = (
				01D405A12AA9DA53000BFE17 /* Base */,
			);
			name = LaunchScreen.storyboard;
			sourceTree = "<group>";
		};
/* End PBXVariantGroup section */

/* Begin XCBuildConfiguration section */
		01D405A42AA9DA53000BFE17 /* Debug */ = {
			isa = XCBuildConfiguration;
			buildSettings = {
				ALWAYS_SEARCH_USER_PATHS = NO;
				CLANG_ANALYZER_NONNULL = YES;
				CLANG_ANALYZER_NUMBER_OBJECT_CONVERSION = YES_AGGRESSIVE;
				CLANG_CXX_LANGUAGE_STANDARD = "gnu++20";
				CLANG_ENABLE_MODULES = YES;
				CLANG_ENABLE_OBJC_ARC = YES;
				CLANG_ENABLE_OBJC_WEAK = YES;
				CLANG_WARN_BLOCK_CAPTURE_AUTORELEASING = YES;
				CLANG_WARN_BOOL_CONVERSION = YES;
				CLANG_WARN_COMMA = YES;
				CLANG_WARN_CONSTANT_CONVERSION = YES;
				CLANG_WARN_DEPRECATED_OBJC_IMPLEMENTATIONS = YES;
				CLANG_WARN_DIRECT_OBJC_ISA_USAGE = YES_ERROR;
				CLANG_WARN_DOCUMENTATION_COMMENTS = YES;
				CLANG_WARN_EMPTY_BODY = YES;
				CLANG_WARN_ENUM_CONVERSION = YES;
				CLANG_WARN_INFINITE_RECURSION = YES;
				CLANG_WARN_INT_CONVERSION = YES;
				CLANG_WARN_NON_LITERAL_NULL_CONVERSION = YES;
				CLANG_WARN_OBJC_IMPLICIT_RETAIN_SELF = YES;
				CLANG_WARN_OBJC_LITERAL_CONVERSION = YES;
				CLANG_WARN_OBJC_ROOT_CLASS = YES_ERROR;
				CLANG_WARN_QUOTED_INCLUDE_IN_FRAMEWORK_HEADER = YES;
				CLANG_WARN_RANGE_LOOP_ANALYSIS = YES;
				CLANG_WARN_STRICT_PROTOTYPES = YES;
				CLANG_WARN_SUSPICIOUS_MOVE = YES;
				CLANG_WARN_UNGUARDED_AVAILABILITY = YES_AGGRESSIVE;
				CLANG_WARN_UNREACHABLE_CODE = YES;
				CLANG_WARN__DUPLICATE_METHOD_MATCH = YES;
				COPY_PHASE_STRIP = NO;
				DEBUG_INFORMATION_FORMAT = dwarf;
				ENABLE_STRICT_OBJC_MSGSEND = YES;
				ENABLE_TESTABILITY = YES;
				GCC_C_LANGUAGE_STANDARD = gnu11;
				GCC_DYNAMIC_NO_PIC = NO;
				GCC_NO_COMMON_BLOCKS = YES;
				GCC_OPTIMIZATION_LEVEL = 0;
				GCC_PREPROCESSOR_DEFINITIONS = (
					"DEBUG=1",
					"$(inherited)",
				);
				GCC_WARN_64_TO_32_BIT_CONVERSION = YES;
				GCC_WARN_ABOUT_RETURN_TYPE = YES_ERROR;
				GCC_WARN_UNDECLARED_SELECTOR = YES;
				GCC_WARN_UNINITIALIZED_AUTOS = YES_AGGRESSIVE;
				GCC_WARN_UNUSED_FUNCTION = YES;
				GCC_WARN_UNUSED_VARIABLE = YES;
				IPHONEOS_DEPLOYMENT_TARGET = 16.1;
				MTL_ENABLE_DEBUG_INFO = INCLUDE_SOURCE;
				MTL_FAST_MATH = YES;
				ONLY_ACTIVE_ARCH = YES;
				SDKROOT = iphoneos;
				SWIFT_ACTIVE_COMPILATION_CONDITIONS = DEBUG;
				SWIFT_OPTIMIZATION_LEVEL = "-Onone";
			};
			name = Debug;
		};
		01D405A52AA9DA53000BFE17 /* Release */ = {
			isa = XCBuildConfiguration;
			buildSettings = {
				ALWAYS_SEARCH_USER_PATHS = NO;
				CLANG_ANALYZER_NONNULL = YES;
				CLANG_ANALYZER_NUMBER_OBJECT_CONVERSION = YES_AGGRESSIVE;
				CLANG_CXX_LANGUAGE_STANDARD = "gnu++20";
				CLANG_ENABLE_MODULES = YES;
				CLANG_ENABLE_OBJC_ARC = YES;
				CLANG_ENABLE_OBJC_WEAK = YES;
				CLANG_WARN_BLOCK_CAPTURE_AUTORELEASING = YES;
				CLANG_WARN_BOOL_CONVERSION = YES;
				CLANG_WARN_COMMA = YES;
				CLANG_WARN_CONSTANT_CONVERSION = YES;
				CLANG_WARN_DEPRECATED_OBJC_IMPLEMENTATIONS = YES;
				CLANG_WARN_DIRECT_OBJC_ISA_USAGE = YES_ERROR;
				CLANG_WARN_DOCUMENTATION_COMMENTS = YES;
				CLANG_WARN_EMPTY_BODY = YES;
				CLANG_WARN_ENUM_CONVERSION = YES;
				CLANG_WARN_INFINITE_RECURSION = YES;
				CLANG_WARN_INT_CONVERSION = YES;
				CLANG_WARN_NON_LITERAL_NULL_CONVERSION = YES;
				CLANG_WARN_OBJC_IMPLICIT_RETAIN_SELF = YES;
				CLANG_WARN_OBJC_LITERAL_CONVERSION = YES;
				CLANG_WARN_OBJC_ROOT_CLASS = YES_ERROR;
				CLANG_WARN_QUOTED_INCLUDE_IN_FRAMEWORK_HEADER = YES;
				CLANG_WARN_RANGE_LOOP_ANALYSIS = YES;
				CLANG_WARN_STRICT_PROTOTYPES = YES;
				CLANG_WARN_SUSPICIOUS_MOVE = YES;
				CLANG_WARN_UNGUARDED_AVAILABILITY = YES_AGGRESSIVE;
				CLANG_WARN_UNREACHABLE_CODE = YES;
				CLANG_WARN__DUPLICATE_METHOD_MATCH = YES;
				COPY_PHASE_STRIP = NO;
				DEBUG_INFORMATION_FORMAT = "dwarf-with-dsym";
				ENABLE_NS_ASSERTIONS = NO;
				ENABLE_STRICT_OBJC_MSGSEND = YES;
				GCC_C_LANGUAGE_STANDARD = gnu11;
				GCC_NO_COMMON_BLOCKS = YES;
				GCC_WARN_64_TO_32_BIT_CONVERSION = YES;
				GCC_WARN_ABOUT_RETURN_TYPE = YES_ERROR;
				GCC_WARN_UNDECLARED_SELECTOR = YES;
				GCC_WARN_UNINITIALIZED_AUTOS = YES_AGGRESSIVE;
				GCC_WARN_UNUSED_FUNCTION = YES;
				GCC_WARN_UNUSED_VARIABLE = YES;
				IPHONEOS_DEPLOYMENT_TARGET = 16.1;
				MTL_ENABLE_DEBUG_INFO = NO;
				MTL_FAST_MATH = YES;
				SDKROOT = iphoneos;
				SWIFT_COMPILATION_MODE = wholemodule;
				SWIFT_OPTIMIZATION_LEVEL = "-O";
				VALIDATE_PRODUCT = YES;
			};
			name = Release;
		};
		01D405A72AA9DA53000BFE17 /* Debug */ = {
			isa = XCBuildConfiguration;
			buildSettings = {
				ASSETCATALOG_COMPILER_APPICON_NAME = AppIcon;
				ASSETCATALOG_COMPILER_GLOBAL_ACCENT_COLOR_NAME = AccentColor;
				CODE_SIGN_STYLE = Automatic;
				CURRENT_PROJECT_VERSION = 1;
				DEVELOPMENT_TEAM = 8P52HZWYBV;
				GENERATE_INFOPLIST_FILE = YES;
				INFOPLIST_FILE = m4_dz3/Info.plist;
				INFOPLIST_KEY_UIApplicationSupportsIndirectInputEvents = YES;
				INFOPLIST_KEY_UILaunchStoryboardName = LaunchScreen;
				INFOPLIST_KEY_UISupportedInterfaceOrientations_iPad = "UIInterfaceOrientationPortrait UIInterfaceOrientationPortraitUpsideDown UIInterfaceOrientationLandscapeLeft UIInterfaceOrientationLandscapeRight";
				INFOPLIST_KEY_UISupportedInterfaceOrientations_iPhone = "UIInterfaceOrientationPortrait UIInterfaceOrientationLandscapeLeft UIInterfaceOrientationLandscapeRight";
				LD_RUNPATH_SEARCH_PATHS = (
					"$(inherited)",
					"@executable_path/Frameworks",
				);
				MARKETING_VERSION = 1.0;
				PRODUCT_BUNDLE_IDENTIFIER = "elizaveta.serykh.m4-dz3";
				PRODUCT_NAME = "$(TARGET_NAME)";
				SWIFT_EMIT_LOC_STRINGS = YES;
				SWIFT_VERSION = 5.0;
				TARGETED_DEVICE_FAMILY = "1,2";
			};
			name = Debug;
		};
		01D405A82AA9DA53000BFE17 /* Release */ = {
			isa = XCBuildConfiguration;
			buildSettings = {
				ASSETCATALOG_COMPILER_APPICON_NAME = AppIcon;
				ASSETCATALOG_COMPILER_GLOBAL_ACCENT_COLOR_NAME = AccentColor;
				CODE_SIGN_STYLE = Automatic;
				CURRENT_PROJECT_VERSION = 1;
				DEVELOPMENT_TEAM = 8P52HZWYBV;
				GENERATE_INFOPLIST_FILE = YES;
				INFOPLIST_FILE = m4_dz3/Info.plist;
				INFOPLIST_KEY_UIApplicationSupportsIndirectInputEvents = YES;
				INFOPLIST_KEY_UILaunchStoryboardName = LaunchScreen;
				INFOPLIST_KEY_UISupportedInterfaceOrientations_iPad = "UIInterfaceOrientationPortrait UIInterfaceOrientationPortraitUpsideDown UIInterfaceOrientationLandscapeLeft UIInterfaceOrientationLandscapeRight";
				INFOPLIST_KEY_UISupportedInterfaceOrientations_iPhone = "UIInterfaceOrientationPortrait UIInterfaceOrientationLandscapeLeft UIInterfaceOrientationLandscapeRight";
				LD_RUNPATH_SEARCH_PATHS = (
					"$(inherited)",
					"@executable_path/Frameworks",
				);
				MARKETING_VERSION = 1.0;
				PRODUCT_BUNDLE_IDENTIFIER = "elizaveta.serykh.m4-dz3";
				PRODUCT_NAME = "$(TARGET_NAME)";
				SWIFT_EMIT_LOC_STRINGS = YES;
				SWIFT_VERSION = 5.0;
				TARGETED_DEVICE_FAMILY = "1,2";
			};
			name = Release;
		};
/* End XCBuildConfiguration section */

/* Begin XCConfigurationList section */
		01D4058D2AA9DA4F000BFE17 /* Build configuration list for PBXProject "m4_dz3" */ = {
			isa = XCConfigurationList;
			buildConfigurations = (
				01D405A42AA9DA53000BFE17 /* Debug */,
				01D405A52AA9DA53000BFE17 /* Release */,
			);
			defaultConfigurationIsVisible = 0;
			defaultConfigurationName = Release;
		};
		01D405A62AA9DA53000BFE17 /* Build configuration list for PBXNativeTarget "m4_dz3" */ = {
			isa = XCConfigurationList;
			buildConfigurations = (
				01D405A72AA9DA53000BFE17 /* Debug */,
				01D405A82AA9DA53000BFE17 /* Release */,
			);
			defaultConfigurationIsVisible = 0;
			defaultConfigurationName = Release;
		};
/* End XCConfigurationList section */
	};
	rootObject = 01D4058A2AA9DA4F000BFE17 /* Project object */;
}
